{
  
  "name": "django-menu-planner",
  
  "lockfileVersion": 2,
  
  "requires": true,
  
  "packages": {
  
    
  "": {
  
    
    
  "engines": {
  
    
    
    
  "node": "<= 16.x",
  
    
    
    
  "npm": "<= 8.x"
  
    
    
  }
  
    
  }
  
  }
}
